
Microsoft Visual Studio Solution File, Format Version 12.00
# Visual Studio Version 17
VisualStudioVersion = 17.7.34202.233
MinimumVisualStudioVersion = 10.0.40219.1
Project("{FAE04EC0-301F-11D3-BF4B-00C04F79EFBC}") = "TestProject1", "TestProject1\TestProject1.csproj", "{022F99B2-A51B-4505-B6DE-C25D9D40E520}"
EndProject
Global
	GlobalSection(SolutionConfigurationPlatforms) = preSolution
		Debug|Any CPU = Debug|Any CPU
		Release|Any CPU = Release|Any CPU
	EndGlobalSection
	GlobalSection(ProjectConfigurationPlatforms) = postSolution
		{022F99B2-A51B-4505-B6DE-C25D9D40E520}.Debug|Any CPU.ActiveCfg = Debug|Any CPU
		{022F99B2-A51B-4505-B6DE-C25D9D40E520}.Debug|Any CPU.Build.0 = Debug|Any CPU
		{022F99B2-A51B-4505-B6DE-C25D9D40E520}.Release|Any CPU.ActiveCfg = Release|Any CPU
		{022F99B2-A51B-4505-B6DE-C25D9D40E520}.Release|Any CPU.Build.0 = Release|Any CPU
	EndGlobalSection
	GlobalSection(SolutionProperties) = preSolution
		HideSolutionNode = FALSE
	EndGlobalSection
	GlobalSection(ExtensibilityGlobals) = postSolution
		SolutionGuid = {D61A768A-D09F-4B9B-8BD7-CDEF7CD6F80F}
	EndGlobalSection
EndGlobal
