
Microsoft Visual Studio Solution File, Format Version 12.00
# Visual Studio Version 17
VisualStudioVersion = 17.5.33530.505
MinimumVisualStudioVersion = 10.0.40219.1
Project("{FAE04EC0-301F-11D3-BF4B-00C04F79EFBC}") = "msTests", "msTests\msTests.csproj", "{02459E39-C79A-495B-B64F-72C88D286C61}"
EndProject
Project("{FAE04EC0-301F-11D3-BF4B-00C04F79EFBC}") = "Maths", "Maths\Maths.csproj", "{468A422F-0521-4DDB-BE89-BF9FD29C4686}"
EndProject
Project("{FAE04EC0-301F-11D3-BF4B-00C04F79EFBC}") = "xUnitTest", "xUnitTest\xUnitTest.csproj", "{ADEF2D3B-9216-427D-80CC-ABBF2B0134DF}"
EndProject
Global
	GlobalSection(SolutionConfigurationPlatforms) = preSolution
		Debug|Any CPU = Debug|Any CPU
		Release|Any CPU = Release|Any CPU
	EndGlobalSection
	GlobalSection(ProjectConfigurationPlatforms) = postSolution
		{02459E39-C79A-495B-B64F-72C88D286C61}.Debug|Any CPU.ActiveCfg = Debug|Any CPU
		{02459E39-C79A-495B-B64F-72C88D286C61}.Debug|Any CPU.Build.0 = Debug|Any CPU
		{02459E39-C79A-495B-B64F-72C88D286C61}.Release|Any CPU.ActiveCfg = Release|Any CPU
		{02459E39-C79A-495B-B64F-72C88D286C61}.Release|Any CPU.Build.0 = Release|Any CPU
		{468A422F-0521-4DDB-BE89-BF9FD29C4686}.Debug|Any CPU.ActiveCfg = Debug|Any CPU
		{468A422F-0521-4DDB-BE89-BF9FD29C4686}.Debug|Any CPU.Build.0 = Debug|Any CPU
		{468A422F-0521-4DDB-BE89-BF9FD29C4686}.Release|Any CPU.ActiveCfg = Release|Any CPU
		{468A422F-0521-4DDB-BE89-BF9FD29C4686}.Release|Any CPU.Build.0 = Release|Any CPU
		{ADEF2D3B-9216-427D-80CC-ABBF2B0134DF}.Debug|Any CPU.ActiveCfg = Debug|Any CPU
		{ADEF2D3B-9216-427D-80CC-ABBF2B0134DF}.Debug|Any CPU.Build.0 = Debug|Any CPU
		{ADEF2D3B-9216-427D-80CC-ABBF2B0134DF}.Release|Any CPU.ActiveCfg = Release|Any CPU
		{ADEF2D3B-9216-427D-80CC-ABBF2B0134DF}.Release|Any CPU.Build.0 = Release|Any CPU
	EndGlobalSection
	GlobalSection(SolutionProperties) = preSolution
		HideSolutionNode = FALSE
	EndGlobalSection
	GlobalSection(ExtensibilityGlobals) = postSolution
		SolutionGuid = {9769A898-A11F-4E3B-BFC6-8C07B937E022}
	EndGlobalSection
EndGlobal
